<?xml version="1.0" encoding="utf-8"?>
<Project ToolsVersion="4.0" xmlns="http://schemas.microsoft.com/developer/msbuild/2003">
  <ItemGroup>
    <Filter Include="Containers">
      <UniqueIdentifier>{97c4111e-b102-4ba8-9053-6f07ccbbe3d4}</UniqueIdentifier>
    </Filter>
    <Filter Include="Physics Bodies">
      <UniqueIdentifier>{de89ff50-f1db-421a-8960-1c8f52c45d75}</UniqueIdentifier>
    </Filter>
    <Filter Include="Modules">
      <UniqueIdentifier>{b183b255-20e0-4814-a72d-24170684c86b}</UniqueIdentifier>
    </Filter>
  </ItemGroup>
  <ItemGroup>
    <ClInclude Include="p2Point.h">
      <Filter>Containers</Filter>
    </ClInclude>
    <ClInclude Include="p2DynArray.h">
      <Filter>Containers</Filter>
    </ClInclude>
    <ClInclude Include="p2List.h">
      <Filter>Containers</Filter>
    </ClInclude>
    <ClInclude Include="Animation.h">
      <Filter>Containers</Filter>
    </ClInclude>
    <ClInclude Include="Module.h">
      <Filter>Modules</Filter>
    </ClInclude>
    <ClInclude Include="ModuleAudio.h">
      <Filter>Modules</Filter>
    </ClInclude>
    <ClInclude Include="ModuleInput.h">
      <Filter>Modules</Filter>
    </ClInclude>
    <ClInclude Include="ModulePhysics.h">
      <Filter>Modules</Filter>
    </ClInclude>
    <ClInclude Include="ModulePlayScene.h">
      <Filter>Modules</Filter>
    </ClInclude>
    <ClInclude Include="ModuleRender.h">
      <Filter>Modules</Filter>
    </ClInclude>
    <ClInclude Include="ModuleTextures.h">
      <Filter>Modules</Filter>
    </ClInclude>
    <ClInclude Include="ModuleWindow.h">
      <Filter>Modules</Filter>
    </ClInclude>
    <ClInclude Include="Application.h" />
    <ClInclude Include="ChainCoordinates.h" />
    <ClInclude Include="Globals.h" />
    <ClInclude Include="PBArrow.h">
      <Filter>Physics Bodies</Filter>
    </ClInclude>
    <ClInclude Include="PBBumper.h">
      <Filter>Physics Bodies</Filter>
    </ClInclude>
    <ClInclude Include="PBPhone.h">
      <Filter>Physics Bodies</Filter>
    </ClInclude>
    <ClInclude Include="ModuleFonts.h">
      <Filter>Modules</Filter>
    </ClInclude>
    <ClInclude Include="PBFlipper.h">
      <Filter>Physics Bodies</Filter>
    </ClInclude>
  </ItemGroup>
  <ItemGroup>
    <ClCompile Include="log.cpp" />
    <ClCompile Include="Main.cpp" />
    <ClCompile Include="ModuleAudio.cpp">
      <Filter>Modules</Filter>
    </ClCompile>
    <ClCompile Include="ModuleInput.cpp">
      <Filter>Modules</Filter>
    </ClCompile>
    <ClCompile Include="ModulePhysics.cpp">
      <Filter>Modules</Filter>
    </ClCompile>
    <ClCompile Include="ModulePlayScene.cpp">
      <Filter>Modules</Filter>
    </ClCompile>
    <ClCompile Include="ModuleRender.cpp">
      <Filter>Modules</Filter>
    </ClCompile>
    <ClCompile Include="ModuleTextures.cpp">
      <Filter>Modules</Filter>
    </ClCompile>
    <ClCompile Include="ModuleWindow.cpp">
      <Filter>Modules</Filter>
    </ClCompile>
    <ClCompile Include="Application.cpp" />
    <ClCompile Include="PBArrow.cpp">
      <Filter>Physics Bodies</Filter>
    </ClCompile>
    <ClCompile Include="PBBumper.cpp">
      <Filter>Physics Bodies</Filter>
    </ClCompile>
    <ClCompile Include="PBPhone.cpp">
      <Filter>Physics Bodies</Filter>
    </ClCompile>
    <ClCompile Include="ModuleFonts.cpp">
      <Filter>Modules</Filter>
    </ClCompile>
    <ClCompile Include="PBFlipper.cpp">
      <Filter>Physics Bodies</Filter>
    </ClCompile>
  </ItemGroup>
</Project>